
Microsoft Visual Studio Solution File, Format Version 12.00
# Visual Studio Version 17
VisualStudioVersion = 17.7.34024.191
MinimumVisualStudioVersion = 10.0.40219.1
Project("{9A19103F-16F7-4668-BE54-9A1E7A4F7556}") = "Laba_11", "Laba_11\Laba_11.csproj", "{F660EC6D-64CE-4501-941E-18E79D6E6F47}"
EndProject
Project("{9A19103F-16F7-4668-BE54-9A1E7A4F7556}") = "ClassLibrary", "MusicalInstrument\ClassLibrary.csproj", "{9804008B-303C-48FB-B42B-61972FDF7B22}"
EndProject
Global
	GlobalSection(SolutionConfigurationPlatforms) = preSolution
		Debug|Any CPU = Debug|Any CPU
		Release|Any CPU = Release|Any CPU
	EndGlobalSection
	GlobalSection(ProjectConfigurationPlatforms) = postSolution
		{F660EC6D-64CE-4501-941E-18E79D6E6F47}.Debug|Any CPU.ActiveCfg = Debug|Any CPU
		{F660EC6D-64CE-4501-941E-18E79D6E6F47}.Debug|Any CPU.Build.0 = Debug|Any CPU
		{F660EC6D-64CE-4501-941E-18E79D6E6F47}.Release|Any CPU.ActiveCfg = Release|Any CPU
		{F660EC6D-64CE-4501-941E-18E79D6E6F47}.Release|Any CPU.Build.0 = Release|Any CPU
		{9804008B-303C-48FB-B42B-61972FDF7B22}.Debug|Any CPU.ActiveCfg = Debug|Any CPU
		{9804008B-303C-48FB-B42B-61972FDF7B22}.Debug|Any CPU.Build.0 = Debug|Any CPU
		{9804008B-303C-48FB-B42B-61972FDF7B22}.Release|Any CPU.ActiveCfg = Release|Any CPU
		{9804008B-303C-48FB-B42B-61972FDF7B22}.Release|Any CPU.Build.0 = Release|Any CPU
	EndGlobalSection
	GlobalSection(SolutionProperties) = preSolution
		HideSolutionNode = FALSE
	EndGlobalSection
	GlobalSection(ExtensibilityGlobals) = postSolution
		SolutionGuid = {5169AF63-0D01-4ABB-9E38-7F1A7E2FB4C6}
	EndGlobalSection
EndGlobal
